
Microsoft Visual Studio Solution File, Format Version 12.00
# Visual Studio Version 16
VisualStudioVersion = 16.0.29209.62
MinimumVisualStudioVersion = 10.0.40219.1
Project("{2150E333-8FDC-42A3-9474-1A3956D46DE8}") = "Build", "Build", "{405D88EB-F3ED-4B4C-B758-4EA98692F96F}"
	ProjectSection(SolutionItems) = preProject
		build.ps1 = build.ps1
		build.sh = build.sh
		.github\workflows\build.yml = .github\workflows\build.yml
		CONTRIBUTING.md = CONTRIBUTING.md
		.config\dotnet-tools.json = .config\dotnet-tools.json
		.github\workflows\publish.yml = .github\workflows\publish.yml
		README.md = README.md
	EndProjectSection
EndProject
Project("{9A19103F-16F7-4668-BE54-9A1E7A4F7556}") = "Machine.Specifications.Runner.VisualStudio", "src\Machine.Specifications.Runner.VisualStudio\Machine.Specifications.Runner.VisualStudio.csproj", "{53236A16-453D-49C2-880D-87523ECE381F}"
EndProject
Project("{9A19103F-16F7-4668-BE54-9A1E7A4F7556}") = "Machine.Specifications.Runner.VisualStudio.Specs", "src\Machine.Specifications.Runner.VisualStudio.Specs\Machine.Specifications.Runner.VisualStudio.Specs.csproj", "{28A8C30C-7C6C-402B-86E2-D54A20748564}"
EndProject
Project("{9A19103F-16F7-4668-BE54-9A1E7A4F7556}") = "Machine.Specifications.Runner.VisualStudio.Fixtures", "src\Machine.Specifications.Runner.VisualStudio.Fixtures\Machine.Specifications.Runner.VisualStudio.Fixtures.csproj", "{A4E3F048-36D5-4677-9D5D-F4BF0A523D75}"
EndProject
Global
	GlobalSection(SolutionConfigurationPlatforms) = preSolution
		Debug|Any CPU = Debug|Any CPU
		Release|Any CPU = Release|Any CPU
	EndGlobalSection
	GlobalSection(ProjectConfigurationPlatforms) = postSolution
		{53236A16-453D-49C2-880D-87523ECE381F}.Debug|Any CPU.ActiveCfg = Debug|Any CPU
		{53236A16-453D-49C2-880D-87523ECE381F}.Debug|Any CPU.Build.0 = Debug|Any CPU
		{53236A16-453D-49C2-880D-87523ECE381F}.Release|Any CPU.ActiveCfg = Release|Any CPU
		{53236A16-453D-49C2-880D-87523ECE381F}.Release|Any CPU.Build.0 = Release|Any CPU
		{28A8C30C-7C6C-402B-86E2-D54A20748564}.Debug|Any CPU.ActiveCfg = Debug|Any CPU
		{28A8C30C-7C6C-402B-86E2-D54A20748564}.Debug|Any CPU.Build.0 = Debug|Any CPU
		{28A8C30C-7C6C-402B-86E2-D54A20748564}.Release|Any CPU.ActiveCfg = Release|Any CPU
		{28A8C30C-7C6C-402B-86E2-D54A20748564}.Release|Any CPU.Build.0 = Release|Any CPU
		{A4E3F048-36D5-4677-9D5D-F4BF0A523D75}.Debug|Any CPU.ActiveCfg = Debug|Any CPU
		{A4E3F048-36D5-4677-9D5D-F4BF0A523D75}.Debug|Any CPU.Build.0 = Debug|Any CPU
		{A4E3F048-36D5-4677-9D5D-F4BF0A523D75}.Release|Any CPU.ActiveCfg = Release|Any CPU
		{A4E3F048-36D5-4677-9D5D-F4BF0A523D75}.Release|Any CPU.Build.0 = Release|Any CPU
	EndGlobalSection
	GlobalSection(SolutionProperties) = preSolution
		HideSolutionNode = FALSE
	EndGlobalSection
	GlobalSection(ExtensibilityGlobals) = postSolution
		SolutionGuid = {01FC6A7F-5267-4DA4-AE99-AE2C2772DC9D}
	EndGlobalSection
EndGlobal
